
Microsoft Visual Studio Solution File, Format Version 12.00
# Visual Studio Version 17
VisualStudioVersion = 17.3.32825.248
MinimumVisualStudioVersion = 10.0.40219.1
Project("{FAE04EC0-301F-11D3-BF4B-00C04F79EFBC}") = "programmeringgithub", "programmeringgithub\programmeringgithub.csproj", "{EDA07A67-71ED-4564-87D5-F2ED9FA9ED36}"
EndProject
Global
	GlobalSection(SolutionConfigurationPlatforms) = preSolution
		Debug|Any CPU = Debug|Any CPU
		Release|Any CPU = Release|Any CPU
	EndGlobalSection
	GlobalSection(ProjectConfigurationPlatforms) = postSolution
		{EDA07A67-71ED-4564-87D5-F2ED9FA9ED36}.Debug|Any CPU.ActiveCfg = Debug|Any CPU
		{EDA07A67-71ED-4564-87D5-F2ED9FA9ED36}.Debug|Any CPU.Build.0 = Debug|Any CPU
		{EDA07A67-71ED-4564-87D5-F2ED9FA9ED36}.Release|Any CPU.ActiveCfg = Release|Any CPU
		{EDA07A67-71ED-4564-87D5-F2ED9FA9ED36}.Release|Any CPU.Build.0 = Release|Any CPU
	EndGlobalSection
	GlobalSection(SolutionProperties) = preSolution
		HideSolutionNode = FALSE
	EndGlobalSection
	GlobalSection(ExtensibilityGlobals) = postSolution
		SolutionGuid = {878CAA32-84A9-4D6E-A913-F6D61A7D149F}
	EndGlobalSection
EndGlobal
