
Microsoft Visual Studio Solution File, Format Version 12.00
# Visual Studio Version 17
VisualStudioVersion = 17.3.32825.248
MinimumVisualStudioVersion = 10.0.40219.1
Project("{FAE04EC0-301F-11D3-BF4B-00C04F79EFBC}") = "BjarnesKids", "BjarnesKids\BjarnesKids.csproj", "{A38AB86F-61DB-4AFD-B982-69C3D6212603}"
EndProject
Global
	GlobalSection(SolutionConfigurationPlatforms) = preSolution
		Debug|Any CPU = Debug|Any CPU
		Release|Any CPU = Release|Any CPU
	EndGlobalSection
	GlobalSection(ProjectConfigurationPlatforms) = postSolution
		{A38AB86F-61DB-4AFD-B982-69C3D6212603}.Debug|Any CPU.ActiveCfg = Debug|Any CPU
		{A38AB86F-61DB-4AFD-B982-69C3D6212603}.Debug|Any CPU.Build.0 = Debug|Any CPU
		{A38AB86F-61DB-4AFD-B982-69C3D6212603}.Release|Any CPU.ActiveCfg = Release|Any CPU
		{A38AB86F-61DB-4AFD-B982-69C3D6212603}.Release|Any CPU.Build.0 = Release|Any CPU
	EndGlobalSection
	GlobalSection(SolutionProperties) = preSolution
		HideSolutionNode = FALSE
	EndGlobalSection
	GlobalSection(ExtensibilityGlobals) = postSolution
		SolutionGuid = {C01AE37A-B648-4EC0-8A5B-584855467302}
	EndGlobalSection
EndGlobal
